
Microsoft Visual Studio Solution File, Format Version 12.00
# Visual Studio Version 16
VisualStudioVersion = 16.0.30225.117
MinimumVisualStudioVersion = 10.0.40219.1
Project("{9A19103F-16F7-4668-BE54-9A1E7A4F7556}") = "NotesAndSnippets.Api", "NotesAndSnippets.Api\NotesAndSnippets.Api.csproj", "{E3BD7A5C-EA41-4BC1-A6E9-8D6EF18D290A}"
EndProject
Project("{E53339B2-1760-4266-BCC7-CA923CBCF16C}") = "docker-compose", "docker-compose.dcproj", "{9C33A593-C55E-4BBD-B18B-34171EDCC680}"
EndProject
Global
	GlobalSection(SolutionConfigurationPlatforms) = preSolution
		Debug|Any CPU = Debug|Any CPU
		Release|Any CPU = Release|Any CPU
	EndGlobalSection
	GlobalSection(ProjectConfigurationPlatforms) = postSolution
		{E3BD7A5C-EA41-4BC1-A6E9-8D6EF18D290A}.Debug|Any CPU.ActiveCfg = Debug|Any CPU
		{E3BD7A5C-EA41-4BC1-A6E9-8D6EF18D290A}.Debug|Any CPU.Build.0 = Debug|Any CPU
		{E3BD7A5C-EA41-4BC1-A6E9-8D6EF18D290A}.Release|Any CPU.ActiveCfg = Release|Any CPU
		{E3BD7A5C-EA41-4BC1-A6E9-8D6EF18D290A}.Release|Any CPU.Build.0 = Release|Any CPU
		{9C33A593-C55E-4BBD-B18B-34171EDCC680}.Debug|Any CPU.ActiveCfg = Debug|Any CPU
		{9C33A593-C55E-4BBD-B18B-34171EDCC680}.Debug|Any CPU.Build.0 = Debug|Any CPU
		{9C33A593-C55E-4BBD-B18B-34171EDCC680}.Release|Any CPU.ActiveCfg = Release|Any CPU
		{9C33A593-C55E-4BBD-B18B-34171EDCC680}.Release|Any CPU.Build.0 = Release|Any CPU
	EndGlobalSection
	GlobalSection(SolutionProperties) = preSolution
		HideSolutionNode = FALSE
	EndGlobalSection
	GlobalSection(ExtensibilityGlobals) = postSolution
		SolutionGuid = {529777D5-0C0D-4E02-8BD0-606129BBCBA4}
	EndGlobalSection
EndGlobal
